
Microsoft Visual Studio Solution File, Format Version 12.00
# Visual Studio Version 17
VisualStudioVersion = 17.7.34221.43
MinimumVisualStudioVersion = 10.0.40219.1
Project("{FAE04EC0-301F-11D3-BF4B-00C04F79EFBC}") = "p_parque", "p_parque.csproj", "{F5CC4419-CC69-4A65-B9B1-5DDBC1DBED8B}"
EndProject
Global
	GlobalSection(SolutionConfigurationPlatforms) = preSolution
		Debug|Any CPU = Debug|Any CPU
		Release|Any CPU = Release|Any CPU
	EndGlobalSection
	GlobalSection(ProjectConfigurationPlatforms) = postSolution
		{F5CC4419-CC69-4A65-B9B1-5DDBC1DBED8B}.Debug|Any CPU.ActiveCfg = Debug|Any CPU
		{F5CC4419-CC69-4A65-B9B1-5DDBC1DBED8B}.Debug|Any CPU.Build.0 = Debug|Any CPU
		{F5CC4419-CC69-4A65-B9B1-5DDBC1DBED8B}.Release|Any CPU.ActiveCfg = Release|Any CPU
		{F5CC4419-CC69-4A65-B9B1-5DDBC1DBED8B}.Release|Any CPU.Build.0 = Release|Any CPU
	EndGlobalSection
	GlobalSection(SolutionProperties) = preSolution
		HideSolutionNode = FALSE
	EndGlobalSection
	GlobalSection(ExtensibilityGlobals) = postSolution
		SolutionGuid = {732079E5-6D52-4BF8-B7AB-0A93D955D5A8}
	EndGlobalSection
EndGlobal
